
Microsoft Visual Studio Solution File, Format Version 12.00
# Visual Studio Version 17
VisualStudioVersion = 17.11.35222.181
MinimumVisualStudioVersion = 10.0.40219.1
Project("{2150E333-8FDC-42A3-9474-1A3956D46DE8}") = "Services", "Services", "{88D68633-4D68-4848-9C45-9E74CEFBC8AE}"
EndProject
Project("{2150E333-8FDC-42A3-9474-1A3956D46DE8}") = "Catalog", "Catalog", "{3EA6082C-7BDF-44C1-8EC1-7ECDF4A8F4BA}"
EndProject
Project("{9A19103F-16F7-4668-BE54-9A1E7A4F7556}") = "Catalog.API", "Services\Catalog\Catalog.API\Catalog.API.csproj", "{FC3EA306-B3E6-4F4C-B4EA-139A483E7A4C}"
EndProject
Project("{2150E333-8FDC-42A3-9474-1A3956D46DE8}") = "BuildingBlocks", "BuildingBlocks", "{46224790-0D44-46B7-804A-B510CBF7D505}"
EndProject
Project("{9A19103F-16F7-4668-BE54-9A1E7A4F7556}") = "BuildingBlocks", "BuildingBlocks\BuildingBlocks\BuildingBlocks.csproj", "{876E212E-BAA8-46DD-B421-41E87153D1CD}"
EndProject
Project("{E53339B2-1760-4266-BCC7-CA923CBCF16C}") = "docker-compose", "docker-compose.dcproj", "{DEF4FF6C-D120-409F-AE11-B5F90E18A67A}"
EndProject
Project("{2150E333-8FDC-42A3-9474-1A3956D46DE8}") = "Basket", "Basket", "{99E74844-835A-4963-9DAE-CD330B5739CD}"
EndProject
Project("{9A19103F-16F7-4668-BE54-9A1E7A4F7556}") = "Basket.API", "Services\Basket\Basket.API\Basket.API.csproj", "{3E607536-A0BD-479F-B009-8D3BB6C59D77}"
EndProject
Project("{2150E333-8FDC-42A3-9474-1A3956D46DE8}") = "Discount", "Discount", "{78141529-C252-4D7C-8DEE-303FECBF733E}"
EndProject
Project("{FAE04EC0-301F-11D3-BF4B-00C04F79EFBC}") = "Discount.Grpc", "Services\Discount\Discount.Grpc\Discount.Grpc.csproj", "{606B65FB-3F6A-4F2D-A8DE-A5EB030D8507}"
EndProject
Global
	GlobalSection(SolutionConfigurationPlatforms) = preSolution
		Debug|Any CPU = Debug|Any CPU
		Release|Any CPU = Release|Any CPU
	EndGlobalSection
	GlobalSection(ProjectConfigurationPlatforms) = postSolution
		{FC3EA306-B3E6-4F4C-B4EA-139A483E7A4C}.Debug|Any CPU.ActiveCfg = Debug|Any CPU
		{FC3EA306-B3E6-4F4C-B4EA-139A483E7A4C}.Debug|Any CPU.Build.0 = Debug|Any CPU
		{FC3EA306-B3E6-4F4C-B4EA-139A483E7A4C}.Release|Any CPU.ActiveCfg = Release|Any CPU
		{FC3EA306-B3E6-4F4C-B4EA-139A483E7A4C}.Release|Any CPU.Build.0 = Release|Any CPU
		{876E212E-BAA8-46DD-B421-41E87153D1CD}.Debug|Any CPU.ActiveCfg = Debug|Any CPU
		{876E212E-BAA8-46DD-B421-41E87153D1CD}.Debug|Any CPU.Build.0 = Debug|Any CPU
		{876E212E-BAA8-46DD-B421-41E87153D1CD}.Release|Any CPU.ActiveCfg = Release|Any CPU
		{876E212E-BAA8-46DD-B421-41E87153D1CD}.Release|Any CPU.Build.0 = Release|Any CPU
		{DEF4FF6C-D120-409F-AE11-B5F90E18A67A}.Debug|Any CPU.ActiveCfg = Debug|Any CPU
		{DEF4FF6C-D120-409F-AE11-B5F90E18A67A}.Debug|Any CPU.Build.0 = Debug|Any CPU
		{DEF4FF6C-D120-409F-AE11-B5F90E18A67A}.Release|Any CPU.ActiveCfg = Release|Any CPU
		{DEF4FF6C-D120-409F-AE11-B5F90E18A67A}.Release|Any CPU.Build.0 = Release|Any CPU
		{3E607536-A0BD-479F-B009-8D3BB6C59D77}.Debug|Any CPU.ActiveCfg = Debug|Any CPU
		{3E607536-A0BD-479F-B009-8D3BB6C59D77}.Debug|Any CPU.Build.0 = Debug|Any CPU
		{3E607536-A0BD-479F-B009-8D3BB6C59D77}.Release|Any CPU.ActiveCfg = Release|Any CPU
		{3E607536-A0BD-479F-B009-8D3BB6C59D77}.Release|Any CPU.Build.0 = Release|Any CPU
		{606B65FB-3F6A-4F2D-A8DE-A5EB030D8507}.Debug|Any CPU.ActiveCfg = Debug|Any CPU
		{606B65FB-3F6A-4F2D-A8DE-A5EB030D8507}.Debug|Any CPU.Build.0 = Debug|Any CPU
		{606B65FB-3F6A-4F2D-A8DE-A5EB030D8507}.Release|Any CPU.ActiveCfg = Release|Any CPU
		{606B65FB-3F6A-4F2D-A8DE-A5EB030D8507}.Release|Any CPU.Build.0 = Release|Any CPU
	EndGlobalSection
	GlobalSection(SolutionProperties) = preSolution
		HideSolutionNode = FALSE
	EndGlobalSection
	GlobalSection(NestedProjects) = preSolution
		{3EA6082C-7BDF-44C1-8EC1-7ECDF4A8F4BA} = {88D68633-4D68-4848-9C45-9E74CEFBC8AE}
		{FC3EA306-B3E6-4F4C-B4EA-139A483E7A4C} = {3EA6082C-7BDF-44C1-8EC1-7ECDF4A8F4BA}
		{876E212E-BAA8-46DD-B421-41E87153D1CD} = {46224790-0D44-46B7-804A-B510CBF7D505}
		{99E74844-835A-4963-9DAE-CD330B5739CD} = {88D68633-4D68-4848-9C45-9E74CEFBC8AE}
		{3E607536-A0BD-479F-B009-8D3BB6C59D77} = {99E74844-835A-4963-9DAE-CD330B5739CD}
		{78141529-C252-4D7C-8DEE-303FECBF733E} = {88D68633-4D68-4848-9C45-9E74CEFBC8AE}
		{606B65FB-3F6A-4F2D-A8DE-A5EB030D8507} = {78141529-C252-4D7C-8DEE-303FECBF733E}
	EndGlobalSection
	GlobalSection(ExtensibilityGlobals) = postSolution
		SolutionGuid = {77B7FCD9-43E7-4072-BAC4-A0F880F4F925}
	EndGlobalSection
EndGlobal
